
Microsoft Visual Studio Solution File, Format Version 12.00
# Visual Studio Version 16
VisualStudioVersion = 16.0.31313.79
MinimumVisualStudioVersion = 10.0.40219.1
Project("{FAE04EC0-301F-11D3-BF4B-00C04F79EFBC}") = "Capa_Presentacion", "Capa_Presentacion.csproj", "{30FBD698-A052-4165-9E61-25C30833DBAA}"
EndProject
Project("{FAE04EC0-301F-11D3-BF4B-00C04F79EFBC}") = "Capa_Datos", "..\Capa_Datos\Capa_Datos.csproj", "{59007105-3E93-46EA-8A5E-7D24B8260F95}"
EndProject
Project("{FAE04EC0-301F-11D3-BF4B-00C04F79EFBC}") = "Capa_Negocio", "..\Capa_Negocio\Capa_Negocio.csproj", "{DD315A5C-364D-4DDC-962C-003ED23D0E6F}"
EndProject
Global
	GlobalSection(SolutionConfigurationPlatforms) = preSolution
		Debug|Any CPU = Debug|Any CPU
		Release|Any CPU = Release|Any CPU
	EndGlobalSection
	GlobalSection(ProjectConfigurationPlatforms) = postSolution
		{30FBD698-A052-4165-9E61-25C30833DBAA}.Debug|Any CPU.ActiveCfg = Debug|Any CPU
		{30FBD698-A052-4165-9E61-25C30833DBAA}.Debug|Any CPU.Build.0 = Debug|Any CPU
		{30FBD698-A052-4165-9E61-25C30833DBAA}.Release|Any CPU.ActiveCfg = Release|Any CPU
		{30FBD698-A052-4165-9E61-25C30833DBAA}.Release|Any CPU.Build.0 = Release|Any CPU
		{59007105-3E93-46EA-8A5E-7D24B8260F95}.Debug|Any CPU.ActiveCfg = Debug|Any CPU
		{59007105-3E93-46EA-8A5E-7D24B8260F95}.Debug|Any CPU.Build.0 = Debug|Any CPU
		{59007105-3E93-46EA-8A5E-7D24B8260F95}.Release|Any CPU.ActiveCfg = Release|Any CPU
		{59007105-3E93-46EA-8A5E-7D24B8260F95}.Release|Any CPU.Build.0 = Release|Any CPU
		{DD315A5C-364D-4DDC-962C-003ED23D0E6F}.Debug|Any CPU.ActiveCfg = Debug|Any CPU
		{DD315A5C-364D-4DDC-962C-003ED23D0E6F}.Debug|Any CPU.Build.0 = Debug|Any CPU
		{DD315A5C-364D-4DDC-962C-003ED23D0E6F}.Release|Any CPU.ActiveCfg = Release|Any CPU
		{DD315A5C-364D-4DDC-962C-003ED23D0E6F}.Release|Any CPU.Build.0 = Release|Any CPU
	EndGlobalSection
	GlobalSection(SolutionProperties) = preSolution
		HideSolutionNode = FALSE
	EndGlobalSection
	GlobalSection(ExtensibilityGlobals) = postSolution
		SolutionGuid = {CA0DD6D4-8E7D-470D-90ED-4FA5782EF99E}
	EndGlobalSection
EndGlobal
